// !$*UTF8*$!
{
	archiveVersion = 1;
	classes = {
	};
	objectVersion = 55;
	objects = {

/* Begin PBXBuildFile section */
		BC54AF4A275FA113006C0290 /* Lab02RestaurantApp.swift in Sources */ = {isa = PBXBuildFile; fileRef = BC54AF49275FA113006C0290 /* Lab02RestaurantApp.swift */; };
		BC54AF4C275FA113006C0290 /* ContentView.swift in Sources */ = {isa = PBXBuildFile; fileRef = BC54AF4B275FA113006C0290 /* ContentView.swift */; };
		BC54AF4E275FA114006C0290 /* Assets.xcassets in Resources */ = {isa = PBXBuildFile; fileRef = BC54AF4D275FA114006C0290 /* Assets.xcassets */; };
		BC54AF51275FA114006C0290 /* Preview Assets.xcassets in Resources */ = {isa = PBXBuildFile; fileRef = BC54AF50275FA114006C0290 /* Preview Assets.xcassets */; };
		BC54AF58275FA41E006C0290 /* RestaurantsListView.swift in Sources */ = {isa = PBXBuildFile; fileRef = BC54AF57275FA41E006C0290 /* RestaurantsListView.swift */; };
		BC54AF5A275FA42D006C0290 /* FavoritedView.swift in Sources */ = {isa = PBXBuildFile; fileRef = BC54AF59275FA42D006C0290 /* FavoritedView.swift */; };
		BC54AF5E275FA89A006C0290 /* dataFetcher.swift in Sources */ = {isa = PBXBuildFile; fileRef = BC54AF5D275FA89A006C0290 /* dataFetcher.swift */; };
		BC54AF60275FA8AF006C0290 /* imageFetcher.swift in Sources */ = {isa = PBXBuildFile; fileRef = BC54AF5F275FA8AF006C0290 /* imageFetcher.swift */; };
		BC54AF62275FA8CA006C0290 /* Restaurant.swift in Sources */ = {isa = PBXBuildFile; fileRef = BC54AF61275FA8CA006C0290 /* Restaurant.swift */; };
		BC54AF67275FACA7006C0290 /* openHours.swift in Sources */ = {isa = PBXBuildFile; fileRef = BC54AF66275FACA7006C0290 /* openHours.swift */; };
		CE5305882762215B002E7282 /* Location.swift in Sources */ = {isa = PBXBuildFile; fileRef = CE5305872762215B002E7282 /* Location.swift */; };
		CE53058A27622319002E7282 /* RestaurantView.swift in Sources */ = {isa = PBXBuildFile; fileRef = CE53058927622319002E7282 /* RestaurantView.swift */; };
		CE53058C276224EF002E7282 /* saveController.swift in Sources */ = {isa = PBXBuildFile; fileRef = CE53058B276224EF002E7282 /* saveController.swift */; };
		CE53059027628AD8002E7282 /* RandomView.swift in Sources */ = {isa = PBXBuildFile; fileRef = CE53058F27628AD8002E7282 /* RandomView.swift */; };
		CE5305922762925E002E7282 /* RandomRestView.swift in Sources */ = {isa = PBXBuildFile; fileRef = CE5305912762925E002E7282 /* RandomRestView.swift */; };
/* End PBXBuildFile section */

/* Begin PBXFileReference section */
		BC54AF46275FA113006C0290 /* Lab02Restaurant.app */ = {isa = PBXFileReference; explicitFileType = wrapper.application; includeInIndex = 0; path = Lab02Restaurant.app; sourceTree = BUILT_PRODUCTS_DIR; };
		BC54AF49275FA113006C0290 /* Lab02RestaurantApp.swift */ = {isa = PBXFileReference; lastKnownFileType = sourcecode.swift; path = Lab02RestaurantApp.swift; sourceTree = "<group>"; };
		BC54AF4B275FA113006C0290 /* ContentView.swift */ = {isa = PBXFileReference; lastKnownFileType = sourcecode.swift; path = ContentView.swift; sourceTree = "<group>"; };
		BC54AF4D275FA114006C0290 /* Assets.xcassets */ = {isa = PBXFileReference; lastKnownFileType = folder.assetcatalog; path = Assets.xcassets; sourceTree = "<group>"; };
		BC54AF50275FA114006C0290 /* Preview Assets.xcassets */ = {isa = PBXFileReference; lastKnownFileType = folder.assetcatalog; path = "Preview Assets.xcassets"; sourceTree = "<group>"; };
		BC54AF57275FA41E006C0290 /* RestaurantsListView.swift */ = {isa = PBXFileReference; lastKnownFileType = sourcecode.swift; path = RestaurantsListView.swift; sourceTree = "<group>"; };
		BC54AF59275FA42D006C0290 /* FavoritedView.swift */ = {isa = PBXFileReference; lastKnownFileType = sourcecode.swift; path = FavoritedView.swift; sourceTree = "<group>"; };
		BC54AF5D275FA89A006C0290 /* dataFetcher.swift */ = {isa = PBXFileReference; lastKnownFileType = sourcecode.swift; path = dataFetcher.swift; sourceTree = "<group>"; };
		BC54AF5F275FA8AF006C0290 /* imageFetcher.swift */ = {isa = PBXFileReference; lastKnownFileType = sourcecode.swift; path = imageFetcher.swift; sourceTree = "<group>"; };
		BC54AF61275FA8CA006C0290 /* Restaurant.swift */ = {isa = PBXFileReference; lastKnownFileType = sourcecode.swift; path = Restaurant.swift; sourceTree = "<group>"; };
		BC54AF66275FACA7006C0290 /* openHours.swift */ = {isa = PBXFileReference; lastKnownFileType = sourcecode.swift; path = openHours.swift; sourceTree = "<group>"; };
		CE5305872762215B002E7282 /* Location.swift */ = {isa = PBXFileReference; fileEncoding = 4; lastKnownFileType = sourcecode.swift; path = Location.swift; sourceTree = "<group>"; };
		CE53058927622319002E7282 /* RestaurantView.swift */ = {isa = PBXFileReference; lastKnownFileType = sourcecode.swift; path = RestaurantView.swift; sourceTree = "<group>"; };
		CE53058B276224EF002E7282 /* saveController.swift */ = {isa = PBXFileReference; lastKnownFileType = sourcecode.swift; path = saveController.swift; sourceTree = "<group>"; };
		CE53058F27628AD8002E7282 /* RandomView.swift */ = {isa = PBXFileReference; lastKnownFileType = sourcecode.swift; path = RandomView.swift; sourceTree = "<group>"; };
		CE5305912762925E002E7282 /* RandomRestView.swift */ = {isa = PBXFileReference; lastKnownFileType = sourcecode.swift; path = RandomRestView.swift; sourceTree = "<group>"; };
/* End PBXFileReference section */

/* Begin PBXFrameworksBuildPhase section */
		BC54AF43275FA113006C0290 /* Frameworks */ = {
			isa = PBXFrameworksBuildPhase;
			buildActionMask = 2147483647;
			files = (
			);
			runOnlyForDeploymentPostprocessing = 0;
		};
/* End PBXFrameworksBuildPhase section */

/* Begin PBXGroup section */
		BC54AF3D275FA113006C0290 = {
			isa = PBXGroup;
			children = (
				BC54AF48275FA113006C0290 /* Lab02Restaurant */,
				BC54AF47275FA113006C0290 /* Products */,
			);
			sourceTree = "<group>";
		};
		BC54AF47275FA113006C0290 /* Products */ = {
			isa = PBXGroup;
			children = (
				BC54AF46275FA113006C0290 /* Lab02Restaurant.app */,
			);
			name = Products;
			sourceTree = "<group>";
		};
		BC54AF48275FA113006C0290 /* Lab02Restaurant */ = {
			isa = PBXGroup;
			children = (
				BC54AF68275FACB1006C0290 /* Classes */,
				BC54AF49275FA113006C0290 /* Lab02RestaurantApp.swift */,
				BC54AF65275FA901006C0290 /* jsonFetcher */,
				BC54AF63275FA8D2006C0290 /* Views */,
				BC54AF4D275FA114006C0290 /* Assets.xcassets */,
				BC54AF4F275FA114006C0290 /* Preview Content */,
			);
			path = Lab02Restaurant;
			sourceTree = "<group>";
		};
		BC54AF4F275FA114006C0290 /* Preview Content */ = {
			isa = PBXGroup;
			children = (
				BC54AF50275FA114006C0290 /* Preview Assets.xcassets */,
			);
			path = "Preview Content";
			sourceTree = "<group>";
		};
		BC54AF63275FA8D2006C0290 /* Views */ = {
			isa = PBXGroup;
			children = (
				BC54AF57275FA41E006C0290 /* RestaurantsListView.swift */,
				CE53058F27628AD8002E7282 /* RandomView.swift */,
				CE5305912762925E002E7282 /* RandomRestView.swift */,
				BC54AF4B275FA113006C0290 /* ContentView.swift */,
				BC54AF59275FA42D006C0290 /* FavoritedView.swift */,
				CE53058927622319002E7282 /* RestaurantView.swift */,
			);
			path = Views;
			sourceTree = "<group>";
		};
		BC54AF65275FA901006C0290 /* jsonFetcher */ = {
			isa = PBXGroup;
			children = (
				BC54AF5D275FA89A006C0290 /* dataFetcher.swift */,
				BC54AF5F275FA8AF006C0290 /* imageFetcher.swift */,
			);
			path = jsonFetcher;
			sourceTree = "<group>";
		};
		BC54AF68275FACB1006C0290 /* Classes */ = {
			isa = PBXGroup;
			children = (
				CE5305872762215B002E7282 /* Location.swift */,
				BC54AF66275FACA7006C0290 /* openHours.swift */,
				BC54AF61275FA8CA006C0290 /* Restaurant.swift */,
				CE53058B276224EF002E7282 /* saveController.swift */,
			);
			path = Classes;
			sourceTree = "<group>";
		};
/* End PBXGroup section */

/* Begin PBXNativeTarget section */
		BC54AF45275FA113006C0290 /* Lab02Restaurant */ = {
			isa = PBXNativeTarget;
			buildConfigurationList = BC54AF54275FA114006C0290 /* Build configuration list for PBXNativeTarget "Lab02Restaurant" */;
			buildPhases = (
				BC54AF42275FA113006C0290 /* Sources */,
				BC54AF43275FA113006C0290 /* Frameworks */,
				BC54AF44275FA113006C0290 /* Resources */,
			);
			buildRules = (
			);
			dependencies = (
			);
			name = Lab02Restaurant;
			productName = Lab02Restaurant;
			productReference = BC54AF46275FA113006C0290 /* Lab02Restaurant.app */;
			productType = "com.apple.product-type.application";
		};
/* End PBXNativeTarget section */

/* Begin PBXProject section */
		BC54AF3E275FA113006C0290 /* Project object */ = {
			isa = PBXProject;
			attributes = {
				BuildIndependentTargetsInParallel = 1;
				LastSwiftUpdateCheck = 1310;
				LastUpgradeCheck = 1310;
				TargetAttributes = {
					BC54AF45275FA113006C0290 = {
						CreatedOnToolsVersion = 13.1;
					};
				};
			};
			buildConfigurationList = BC54AF41275FA113006C0290 /* Build configuration list for PBXProject "Lab02Restaurant" */;
			compatibilityVersion = "Xcode 13.0";
			developmentRegion = en;
			hasScannedForEncodings = 0;
			knownRegions = (
				en,
				Base,
			);
			mainGroup = BC54AF3D275FA113006C0290;
			productRefGroup = BC54AF47275FA113006C0290 /* Products */;
			projectDirPath = "";
			projectRoot = "";
			targets = (
				BC54AF45275FA113006C0290 /* Lab02Restaurant */,
			);
		};
/* End PBXProject section */

/* Begin PBXResourcesBuildPhase section */
		BC54AF44275FA113006C0290 /* Resources */ = {
			isa = PBXResourcesBuildPhase;
			buildActionMask = 2147483647;
			files = (
				BC54AF51275FA114006C0290 /* Preview Assets.xcassets in Resources */,
				BC54AF4E275FA114006C0290 /* Assets.xcassets in Resources */,
			);
			runOnlyForDeploymentPostprocessing = 0;
		};
/* End PBXResourcesBuildPhase section */

/* Begin PBXSourcesBuildPhase section */
		BC54AF42275FA113006C0290 /* Sources */ = {
			isa = PBXSourcesBuildPhase;
			buildActionMask = 2147483647;
			files = (
				BC54AF5E275FA89A006C0290 /* dataFetcher.swift in Sources */,
				BC54AF58275FA41E006C0290 /* RestaurantsListView.swift in Sources */,
				BC54AF4C275FA113006C0290 /* ContentView.swift in Sources */,
				CE53059027628AD8002E7282 /* RandomView.swift in Sources */,
				CE53058A27622319002E7282 /* RestaurantView.swift in Sources */,
				BC54AF62275FA8CA006C0290 /* Restaurant.swift in Sources */,
				CE5305882762215B002E7282 /* Location.swift in Sources */,
				CE5305922762925E002E7282 /* RandomRestView.swift in Sources */,
				BC54AF60275FA8AF006C0290 /* imageFetcher.swift in Sources */,
				BC54AF5A275FA42D006C0290 /* FavoritedView.swift in Sources */,
				BC54AF67275FACA7006C0290 /* openHours.swift in Sources */,
				CE53058C276224EF002E7282 /* saveController.swift in Sources */,
				BC54AF4A275FA113006C0290 /* Lab02RestaurantApp.swift in Sources */,
			);
			runOnlyForDeploymentPostprocessing = 0;
		};
/* End PBXSourcesBuildPhase section */

/* Begin XCBuildConfiguration section */
		BC54AF52275FA114006C0290 /* Debug */ = {
			isa = XCBuildConfiguration;
			buildSettings = {
				ALWAYS_SEARCH_USER_PATHS = NO;
				CLANG_ANALYZER_NONNULL = YES;
				CLANG_ANALYZER_NUMBER_OBJECT_CONVERSION = YES_AGGRESSIVE;
				CLANG_CXX_LANGUAGE_STANDARD = "gnu++17";
				CLANG_CXX_LIBRARY = "libc++";
				CLANG_ENABLE_MODULES = YES;
				CLANG_ENABLE_OBJC_ARC = YES;
				CLANG_ENABLE_OBJC_WEAK = YES;
				CLANG_WARN_BLOCK_CAPTURE_AUTORELEASING = YES;
				CLANG_WARN_BOOL_CONVERSION = YES;
				CLANG_WARN_COMMA = YES;
				CLANG_WARN_CONSTANT_CONVERSION = YES;
				CLANG_WARN_DEPRECATED_OBJC_IMPLEMENTATIONS = YES;
				CLANG_WARN_DIRECT_OBJC_ISA_USAGE = YES_ERROR;
				CLANG_WARN_DOCUMENTATION_COMMENTS = YES;
				CLANG_WARN_EMPTY_BODY = YES;
				CLANG_WARN_ENUM_CONVERSION = YES;
				CLANG_WARN_INFINITE_RECURSION = YES;
				CLANG_WARN_INT_CONVERSION = YES;
				CLANG_WARN_NON_LITERAL_NULL_CONVERSION = YES;
				CLANG_WARN_OBJC_IMPLICIT_RETAIN_SELF = YES;
				CLANG_WARN_OBJC_LITERAL_CONVERSION = YES;
				CLANG_WARN_OBJC_ROOT_CLASS = YES_ERROR;
				CLANG_WARN_QUOTED_INCLUDE_IN_FRAMEWORK_HEADER = YES;
				CLANG_WARN_RANGE_LOOP_ANALYSIS = YES;
				CLANG_WARN_STRICT_PROTOTYPES = YES;
				CLANG_WARN_SUSPICIOUS_MOVE = YES;
				CLANG_WARN_UNGUARDED_AVAILABILITY = YES_AGGRESSIVE;
				CLANG_WARN_UNREACHABLE_CODE = YES;
				CLANG_WARN__DUPLICATE_METHOD_MATCH = YES;
				COPY_PHASE_STRIP = NO;
				DEBUG_INFORMATION_FORMAT = dwarf;
				ENABLE_STRICT_OBJC_MSGSEND = YES;
				ENABLE_TESTABILITY = YES;
				GCC_C_LANGUAGE_STANDARD = gnu11;
				GCC_DYNAMIC_NO_PIC = NO;
				GCC_NO_COMMON_BLOCKS = YES;
				GCC_OPTIMIZATION_LEVEL = 0;
				GCC_PREPROCESSOR_DEFINITIONS = (
					"DEBUG=1",
					"$(inherited)",
				);
				GCC_WARN_64_TO_32_BIT_CONVERSION = YES;
				GCC_WARN_ABOUT_RETURN_TYPE = YES_ERROR;
				GCC_WARN_UNDECLARED_SELECTOR = YES;
				GCC_WARN_UNINITIALIZED_AUTOS = YES_AGGRESSIVE;
				GCC_WARN_UNUSED_FUNCTION = YES;
				GCC_WARN_UNUSED_VARIABLE = YES;
				IPHONEOS_DEPLOYMENT_TARGET = 15.0;
				MTL_ENABLE_DEBUG_INFO = INCLUDE_SOURCE;
				MTL_FAST_MATH = YES;
				ONLY_ACTIVE_ARCH = YES;
				SDKROOT = iphoneos;
				SWIFT_ACTIVE_COMPILATION_CONDITIONS = DEBUG;
				SWIFT_OPTIMIZATION_LEVEL = "-Onone";
			};
			name = Debug;
		};
		BC54AF53275FA114006C0290 /* Release */ = {
			isa = XCBuildConfiguration;
			buildSettings = {
				ALWAYS_SEARCH_USER_PATHS = NO;
				CLANG_ANALYZER_NONNULL = YES;
				CLANG_ANALYZER_NUMBER_OBJECT_CONVERSION = YES_AGGRESSIVE;
				CLANG_CXX_LANGUAGE_STANDARD = "gnu++17";
				CLANG_CXX_LIBRARY = "libc++";
				CLANG_ENABLE_MODULES = YES;
				CLANG_ENABLE_OBJC_ARC = YES;
				CLANG_ENABLE_OBJC_WEAK = YES;
				CLANG_WARN_BLOCK_CAPTURE_AUTORELEASING = YES;
				CLANG_WARN_BOOL_CONVERSION = YES;
				CLANG_WARN_COMMA = YES;
				CLANG_WARN_CONSTANT_CONVERSION = YES;
				CLANG_WARN_DEPRECATED_OBJC_IMPLEMENTATIONS = YES;
				CLANG_WARN_DIRECT_OBJC_ISA_USAGE = YES_ERROR;
				CLANG_WARN_DOCUMENTATION_COMMENTS = YES;
				CLANG_WARN_EMPTY_BODY = YES;
				CLANG_WARN_ENUM_CONVERSION = YES;
				CLANG_WARN_INFINITE_RECURSION = YES;
				CLANG_WARN_INT_CONVERSION = YES;
				CLANG_WARN_NON_LITERAL_NULL_CONVERSION = YES;
				CLANG_WARN_OBJC_IMPLICIT_RETAIN_SELF = YES;
				CLANG_WARN_OBJC_LITERAL_CONVERSION = YES;
				CLANG_WARN_OBJC_ROOT_CLASS = YES_ERROR;
				CLANG_WARN_QUOTED_INCLUDE_IN_FRAMEWORK_HEADER = YES;
				CLANG_WARN_RANGE_LOOP_ANALYSIS = YES;
				CLANG_WARN_STRICT_PROTOTYPES = YES;
				CLANG_WARN_SUSPICIOUS_MOVE = YES;
				CLANG_WARN_UNGUARDED_AVAILABILITY = YES_AGGRESSIVE;
				CLANG_WARN_UNREACHABLE_CODE = YES;
				CLANG_WARN__DUPLICATE_METHOD_MATCH = YES;
				COPY_PHASE_STRIP = NO;
				DEBUG_INFORMATION_FORMAT = "dwarf-with-dsym";
				ENABLE_NS_ASSERTIONS = NO;
				ENABLE_STRICT_OBJC_MSGSEND = YES;
				GCC_C_LANGUAGE_STANDARD = gnu11;
				GCC_NO_COMMON_BLOCKS = YES;
				GCC_WARN_64_TO_32_BIT_CONVERSION = YES;
				GCC_WARN_ABOUT_RETURN_TYPE = YES_ERROR;
				GCC_WARN_UNDECLARED_SELECTOR = YES;
				GCC_WARN_UNINITIALIZED_AUTOS = YES_AGGRESSIVE;
				GCC_WARN_UNUSED_FUNCTION = YES;
				GCC_WARN_UNUSED_VARIABLE = YES;
				IPHONEOS_DEPLOYMENT_TARGET = 15.0;
				MTL_ENABLE_DEBUG_INFO = NO;
				MTL_FAST_MATH = YES;
				SDKROOT = iphoneos;
				SWIFT_COMPILATION_MODE = wholemodule;
				SWIFT_OPTIMIZATION_LEVEL = "-O";
				VALIDATE_PRODUCT = YES;
			};
			name = Release;
		};
		BC54AF55275FA114006C0290 /* Debug */ = {
			isa = XCBuildConfiguration;
			buildSettings = {
				ASSETCATALOG_COMPILER_APPICON_NAME = AppIcon;
				ASSETCATALOG_COMPILER_GLOBAL_ACCENT_COLOR_NAME = AccentColor;
				CODE_SIGN_STYLE = Automatic;
				CURRENT_PROJECT_VERSION = 1;
				DEVELOPMENT_ASSET_PATHS = "\"Lab02Restaurant/Preview Content\"";
				DEVELOPMENT_TEAM = 4QTHTML435;
				ENABLE_PREVIEWS = YES;
				GENERATE_INFOPLIST_FILE = YES;
				INFOPLIST_KEY_UIApplicationSceneManifest_Generation = YES;
				INFOPLIST_KEY_UIApplicationSupportsIndirectInputEvents = YES;
				INFOPLIST_KEY_UILaunchScreen_Generation = YES;
				INFOPLIST_KEY_UISupportedInterfaceOrientations_iPad = "UIInterfaceOrientationPortrait UIInterfaceOrientationPortraitUpsideDown UIInterfaceOrientationLandscapeLeft UIInterfaceOrientationLandscapeRight";
				INFOPLIST_KEY_UISupportedInterfaceOrientations_iPhone = "UIInterfaceOrientationPortrait UIInterfaceOrientationLandscapeLeft UIInterfaceOrientationLandscapeRight";
				LD_RUNPATH_SEARCH_PATHS = (
					"$(inherited)",
					"@executable_path/Frameworks",
				);
				MARKETING_VERSION = 1.0;
				PRODUCT_BUNDLE_IDENTIFIER = ju.labb02.Lab02Restaurant;
				PRODUCT_NAME = "$(TARGET_NAME)";
				SWIFT_EMIT_LOC_STRINGS = YES;
				SWIFT_VERSION = 5.0;
				TARGETED_DEVICE_FAMILY = "1,2";
			};
			name = Debug;
		};
		BC54AF56275FA114006C0290 /* Release */ = {
			isa = XCBuildConfiguration;
			buildSettings = {
				ASSETCATALOG_COMPILER_APPICON_NAME = AppIcon;
				ASSETCATALOG_COMPILER_GLOBAL_ACCENT_COLOR_NAME = AccentColor;
				CODE_SIGN_STYLE = Automatic;
				CURRENT_PROJECT_VERSION = 1;
				DEVELOPMENT_ASSET_PATHS = "\"Lab02Restaurant/Preview Content\"";
				DEVELOPMENT_TEAM = 4QTHTML435;
				ENABLE_PREVIEWS = YES;
				GENERATE_INFOPLIST_FILE = YES;
				INFOPLIST_KEY_UIApplicationSceneManifest_Generation = YES;
				INFOPLIST_KEY_UIApplicationSupportsIndirectInputEvents = YES;
				INFOPLIST_KEY_UILaunchScreen_Generation = YES;
				INFOPLIST_KEY_UISupportedInterfaceOrientations_iPad = "UIInterfaceOrientationPortrait UIInterfaceOrientationPortraitUpsideDown UIInterfaceOrientationLandscapeLeft UIInterfaceOrientationLandscapeRight";
				INFOPLIST_KEY_UISupportedInterfaceOrientations_iPhone = "UIInterfaceOrientationPortrait UIInterfaceOrientationLandscapeLeft UIInterfaceOrientationLandscapeRight";
				LD_RUNPATH_SEARCH_PATHS = (
					"$(inherited)",
					"@executable_path/Frameworks",
				);
				MARKETING_VERSION = 1.0;
				PRODUCT_BUNDLE_IDENTIFIER = ju.labb02.Lab02Restaurant;
				PRODUCT_NAME = "$(TARGET_NAME)";
				SWIFT_EMIT_LOC_STRINGS = YES;
				SWIFT_VERSION = 5.0;
				TARGETED_DEVICE_FAMILY = "1,2";
			};
			name = Release;
		};
/* End XCBuildConfiguration section */

/* Begin XCConfigurationList section */
		BC54AF41275FA113006C0290 /* Build configuration list for PBXProject "Lab02Restaurant" */ = {
			isa = XCConfigurationList;
			buildConfigurations = (
				BC54AF52275FA114006C0290 /* Debug */,
				BC54AF53275FA114006C0290 /* Release */,
			);
			defaultConfigurationIsVisible = 0;
			defaultConfigurationName = Release;
		};
		BC54AF54275FA114006C0290 /* Build configuration list for PBXNativeTarget "Lab02Restaurant" */ = {
			isa = XCConfigurationList;
			buildConfigurations = (
				BC54AF55275FA114006C0290 /* Debug */,
				BC54AF56275FA114006C0290 /* Release */,
			);
			defaultConfigurationIsVisible = 0;
			defaultConfigurationName = Release;
		};
/* End XCConfigurationList section */
	};
	rootObject = BC54AF3E275FA113006C0290 /* Project object */;
}
